
Microsoft Visual Studio Solution File, Format Version 12.00
# Visual Studio 2012
Project("{FAE04EC0-301F-11D3-BF4B-00C04F79EFBC}") = "Mount and Blade Server Panel", "src\Mount and Blade Server Panel.csproj", "{2BF760B8-E67A-4DC8-BAB7-E025E3FE784B}"
EndProject
Project("{2150E333-8FDC-42A3-9474-1A3956D46DE8}") = ".nuget", ".nuget", "{24093DF9-B086-4BBB-99CC-ACF51CD3F2DF}"
	ProjectSection(SolutionItems) = preProject
		.nuget\NuGet.Config = .nuget\NuGet.Config
		.nuget\NuGet.exe = .nuget\NuGet.exe
		.nuget\NuGet.targets = .nuget\NuGet.targets
	EndProjectSection
EndProject
Global
	GlobalSection(SolutionConfigurationPlatforms) = preSolution
		Debug|Any CPU = Debug|Any CPU
		Release|Any CPU = Release|Any CPU
	EndGlobalSection
	GlobalSection(ProjectConfigurationPlatforms) = postSolution
		{2BF760B8-E67A-4DC8-BAB7-E025E3FE784B}.Debug|Any CPU.ActiveCfg = Debug|Any CPU
		{2BF760B8-E67A-4DC8-BAB7-E025E3FE784B}.Debug|Any CPU.Build.0 = Debug|Any CPU
		{2BF760B8-E67A-4DC8-BAB7-E025E3FE784B}.Release|Any CPU.ActiveCfg = Release|Any CPU
		{2BF760B8-E67A-4DC8-BAB7-E025E3FE784B}.Release|Any CPU.Build.0 = Release|Any CPU
	EndGlobalSection
	GlobalSection(SolutionProperties) = preSolution
		HideSolutionNode = FALSE
	EndGlobalSection
EndGlobal
